{
  "name": "Aspire",
  "lockfileVersion": 2,
  "requires": true,
  "packages": {
    "": {
      "dependencies": {
        "@vicons/tabler": "^0.12.0"
      }
    },
    "node_modules/@vicons/tabler": {
      "version": "0.12.0",
      "resolved": "https://registry.npmmirror.com/@vicons/tabler/-/tabler-0.12.0.tgz",
      "integrity": "sha512-3+wUFuxb7e8OzZ8Wryct1pzfA2vyoF4lwW98O9s27ZrfCGaJGNmqG+q8A7vQ92Mf+COCgxpK+rhNPTtTvaU6qw=="
    }
  },
  "dependencies": {
    "@vicons/tabler": {
      "version": "0.12.0",
      "resolved": "https://registry.npmmirror.com/@vicons/tabler/-/tabler-0.12.0.tgz",
      "integrity": "sha512-3+wUFuxb7e8OzZ8Wryct1pzfA2vyoF4lwW98O9s27ZrfCGaJGNmqG+q8A7vQ92Mf+COCgxpK+rhNPTtTvaU6qw=="
    }
  }
}
